// !$*UTF8*$!
{
	archiveVersion = 1;
	classes = {
	};
	objectVersion = 50;
	objects = {

/* Begin PBXBuildFile section */
		65039ED62141713D008D50C3 /* AppDelegate.swift in Sources */ = {isa = PBXBuildFile; fileRef = 65039ED52141713D008D50C3 /* AppDelegate.swift */; };
		65039ED82141713D008D50C3 /* ViewController.swift in Sources */ = {isa = PBXBuildFile; fileRef = 65039ED72141713D008D50C3 /* ViewController.swift */; };
		65039EDB2141713D008D50C3 /* Main.storyboard in Resources */ = {isa = PBXBuildFile; fileRef = 65039ED92141713D008D50C3 /* Main.storyboard */; };
		65039EDD2141713F008D50C3 /* Assets.xcassets in Resources */ = {isa = PBXBuildFile; fileRef = 65039EDC2141713F008D50C3 /* Assets.xcassets */; };
		65039EE02141713F008D50C3 /* LaunchScreen.storyboard in Resources */ = {isa = PBXBuildFile; fileRef = 65039EDE2141713F008D50C3 /* LaunchScreen.storyboard */; };
		650F7F8B217461AB0055DC1B /* Cabin-Italic.ttf in Resources */ = {isa = PBXBuildFile; fileRef = 650F7F83217461AA0055DC1B /* Cabin-Italic.ttf */; };
		650F7F8C217461AB0055DC1B /* Cabin-MediumItalic.ttf in Resources */ = {isa = PBXBuildFile; fileRef = 650F7F84217461AB0055DC1B /* Cabin-MediumItalic.ttf */; };
		650F7F8D217461AB0055DC1B /* Cabin-Regular.ttf in Resources */ = {isa = PBXBuildFile; fileRef = 650F7F85217461AB0055DC1B /* Cabin-Regular.ttf */; };
		650F7F8E217461AB0055DC1B /* Cabin-Bold.ttf in Resources */ = {isa = PBXBuildFile; fileRef = 650F7F86217461AB0055DC1B /* Cabin-Bold.ttf */; };
		650F7F8F217461AB0055DC1B /* Cabin-SemiBold.ttf in Resources */ = {isa = PBXBuildFile; fileRef = 650F7F87217461AB0055DC1B /* Cabin-SemiBold.ttf */; };
		650F7F90217461AB0055DC1B /* Cabin-SemiBoldItalic.ttf in Resources */ = {isa = PBXBuildFile; fileRef = 650F7F88217461AB0055DC1B /* Cabin-SemiBoldItalic.ttf */; };
		650F7F91217461AB0055DC1B /* Cabin-BoldItalic.ttf in Resources */ = {isa = PBXBuildFile; fileRef = 650F7F89217461AB0055DC1B /* Cabin-BoldItalic.ttf */; };
		650F7F92217461AB0055DC1B /* Cabin-Medium.ttf in Resources */ = {isa = PBXBuildFile; fileRef = 650F7F8A217461AB0055DC1B /* Cabin-Medium.ttf */; };
		652AADFF216479D90037F5C9 /* Theme.swift in Sources */ = {isa = PBXBuildFile; fileRef = 652AADFE216479D90037F5C9 /* Theme.swift */; };
		652AAE01216483150037F5C9 /* SetThemeTableViewController.swift in Sources */ = {isa = PBXBuildFile; fileRef = 652AAE00216483150037F5C9 /* SetThemeTableViewController.swift */; };
		652AAE03216483210037F5C9 /* SetThemeTableViewCell.swift in Sources */ = {isa = PBXBuildFile; fileRef = 652AAE02216483210037F5C9 /* SetThemeTableViewCell.swift */; };
		652DB91C217B557D0047A697 /* Track 3.mp3 in Resources */ = {isa = PBXBuildFile; fileRef = 652DB915217B557B0047A697 /* Track 3.mp3 */; };
		652DB91D217B557D0047A697 /* Track 5.mp3 in Resources */ = {isa = PBXBuildFile; fileRef = 652DB916217B557C0047A697 /* Track 5.mp3 */; };
		652DB91E217B557D0047A697 /* Track 2.mp3 in Resources */ = {isa = PBXBuildFile; fileRef = 652DB917217B557C0047A697 /* Track 2.mp3 */; };
		652DB91F217B557D0047A697 /* Track 1.mp3 in Resources */ = {isa = PBXBuildFile; fileRef = 652DB918217B557C0047A697 /* Track 1.mp3 */; };
		652DB920217B557D0047A697 /* Track 6.mp3 in Resources */ = {isa = PBXBuildFile; fileRef = 652DB919217B557D0047A697 /* Track 6.mp3 */; };
		652DB921217B557D0047A697 /* Track 4.mp3 in Resources */ = {isa = PBXBuildFile; fileRef = 652DB91A217B557D0047A697 /* Track 4.mp3 */; };
		652DB922217B557D0047A697 /* Track 7.mp3 in Resources */ = {isa = PBXBuildFile; fileRef = 652DB91B217B557D0047A697 /* Track 7.mp3 */; };
		652DB924217B61830047A697 /* silence.mp3 in Resources */ = {isa = PBXBuildFile; fileRef = 652DB923217B61820047A697 /* silence.mp3 */; };
		652DB926217B68C10047A697 /* TrackTableViewController.swift in Sources */ = {isa = PBXBuildFile; fileRef = 652DB925217B68C10047A697 /* TrackTableViewController.swift */; };
		652DB928217B69510047A697 /* TrackTableViewCell.swift in Sources */ = {isa = PBXBuildFile; fileRef = 652DB927217B69510047A697 /* TrackTableViewCell.swift */; };
		652DB92A217B6F410047A697 /* CreditsViewController.swift in Sources */ = {isa = PBXBuildFile; fileRef = 652DB929217B6F410047A697 /* CreditsViewController.swift */; };
		65BC1301214E1D8D00E0B8E3 /* Badge.swift in Sources */ = {isa = PBXBuildFile; fileRef = 65BC1300214E1D8D00E0B8E3 /* Badge.swift */; };
		65C1023D21469CCF000EDC56 /* BadgesTableViewController.swift in Sources */ = {isa = PBXBuildFile; fileRef = 65C1023C21469CCF000EDC56 /* BadgesTableViewController.swift */; };
		65C1023F21469CE7000EDC56 /* SettingsTableViewController.swift in Sources */ = {isa = PBXBuildFile; fileRef = 65C1023E21469CE6000EDC56 /* SettingsTableViewController.swift */; };
		65C1024121469D0B000EDC56 /* TimerViewController.swift in Sources */ = {isa = PBXBuildFile; fileRef = 65C1024021469D0B000EDC56 /* TimerViewController.swift */; };
		65C1024321469D53000EDC56 /* BadgeTableViewCell.swift in Sources */ = {isa = PBXBuildFile; fileRef = 65C1024221469D53000EDC56 /* BadgeTableViewCell.swift */; };
/* End PBXBuildFile section */

/* Begin PBXFileReference section */
		65039ED22141713D008D50C3 /* BrushNow - Toothbrush Timer.app */ = {isa = PBXFileReference; explicitFileType = wrapper.application; includeInIndex = 0; path = "BrushNow - Toothbrush Timer.app"; sourceTree = BUILT_PRODUCTS_DIR; };
		65039ED52141713D008D50C3 /* AppDelegate.swift */ = {isa = PBXFileReference; lastKnownFileType = sourcecode.swift; path = AppDelegate.swift; sourceTree = "<group>"; };
		65039ED72141713D008D50C3 /* ViewController.swift */ = {isa = PBXFileReference; lastKnownFileType = sourcecode.swift; path = ViewController.swift; sourceTree = "<group>"; };
		65039EDA2141713D008D50C3 /* Base */ = {isa = PBXFileReference; lastKnownFileType = file.storyboard; name = Base; path = Base.lproj/Main.storyboard; sourceTree = "<group>"; };
		65039EDC2141713F008D50C3 /* Assets.xcassets */ = {isa = PBXFileReference; lastKnownFileType = folder.assetcatalog; path = Assets.xcassets; sourceTree = "<group>"; };
		65039EDF2141713F008D50C3 /* Base */ = {isa = PBXFileReference; lastKnownFileType = file.storyboard; name = Base; path = Base.lproj/LaunchScreen.storyboard; sourceTree = "<group>"; };
		65039EE12141713F008D50C3 /* Info.plist */ = {isa = PBXFileReference; lastKnownFileType = text.plist.xml; path = Info.plist; sourceTree = "<group>"; };
		650F7F83217461AA0055DC1B /* Cabin-Italic.ttf */ = {isa = PBXFileReference; lastKnownFileType = file; path = "Cabin-Italic.ttf"; sourceTree = "<group>"; };
		650F7F84217461AB0055DC1B /* Cabin-MediumItalic.ttf */ = {isa = PBXFileReference; lastKnownFileType = file; path = "Cabin-MediumItalic.ttf"; sourceTree = "<group>"; };
		650F7F85217461AB0055DC1B /* Cabin-Regular.ttf */ = {isa = PBXFileReference; lastKnownFileType = file; path = "Cabin-Regular.ttf"; sourceTree = "<group>"; };
		650F7F86217461AB0055DC1B /* Cabin-Bold.ttf */ = {isa = PBXFileReference; lastKnownFileType = file; path = "Cabin-Bold.ttf"; sourceTree = "<group>"; };
		650F7F87217461AB0055DC1B /* Cabin-SemiBold.ttf */ = {isa = PBXFileReference; lastKnownFileType = file; path = "Cabin-SemiBold.ttf"; sourceTree = "<group>"; };
		650F7F88217461AB0055DC1B /* Cabin-SemiBoldItalic.ttf */ = {isa = PBXFileReference; lastKnownFileType = file; path = "Cabin-SemiBoldItalic.ttf"; sourceTree = "<group>"; };
		650F7F89217461AB0055DC1B /* Cabin-BoldItalic.ttf */ = {isa = PBXFileReference; lastKnownFileType = file; path = "Cabin-BoldItalic.ttf"; sourceTree = "<group>"; };
		650F7F8A217461AB0055DC1B /* Cabin-Medium.ttf */ = {isa = PBXFileReference; lastKnownFileType = file; path = "Cabin-Medium.ttf"; sourceTree = "<group>"; };
		652AADFE216479D90037F5C9 /* Theme.swift */ = {isa = PBXFileReference; lastKnownFileType = sourcecode.swift; path = Theme.swift; sourceTree = "<group>"; };
		652AAE00216483150037F5C9 /* SetThemeTableViewController.swift */ = {isa = PBXFileReference; lastKnownFileType = sourcecode.swift; path = SetThemeTableViewController.swift; sourceTree = "<group>"; };
		652AAE02216483210037F5C9 /* SetThemeTableViewCell.swift */ = {isa = PBXFileReference; lastKnownFileType = sourcecode.swift; path = SetThemeTableViewCell.swift; sourceTree = "<group>"; };
		652DB915217B557B0047A697 /* Track 3.mp3 */ = {isa = PBXFileReference; lastKnownFileType = audio.mp3; path = "Track 3.mp3"; sourceTree = "<group>"; };
		652DB916217B557C0047A697 /* Track 5.mp3 */ = {isa = PBXFileReference; lastKnownFileType = audio.mp3; path = "Track 5.mp3"; sourceTree = "<group>"; };
		652DB917217B557C0047A697 /* Track 2.mp3 */ = {isa = PBXFileReference; lastKnownFileType = audio.mp3; path = "Track 2.mp3"; sourceTree = "<group>"; };
		652DB918217B557C0047A697 /* Track 1.mp3 */ = {isa = PBXFileReference; lastKnownFileType = audio.mp3; path = "Track 1.mp3"; sourceTree = "<group>"; };
		652DB919217B557D0047A697 /* Track 6.mp3 */ = {isa = PBXFileReference; lastKnownFileType = audio.mp3; path = "Track 6.mp3"; sourceTree = "<group>"; };
		652DB91A217B557D0047A697 /* Track 4.mp3 */ = {isa = PBXFileReference; lastKnownFileType = audio.mp3; path = "Track 4.mp3"; sourceTree = "<group>"; };
		652DB91B217B557D0047A697 /* Track 7.mp3 */ = {isa = PBXFileReference; lastKnownFileType = audio.mp3; path = "Track 7.mp3"; sourceTree = "<group>"; };
		652DB923217B61820047A697 /* silence.mp3 */ = {isa = PBXFileReference; lastKnownFileType = audio.mp3; path = silence.mp3; sourceTree = "<group>"; };
		652DB925217B68C10047A697 /* TrackTableViewController.swift */ = {isa = PBXFileReference; lastKnownFileType = sourcecode.swift; path = TrackTableViewController.swift; sourceTree = "<group>"; };
		652DB927217B69510047A697 /* TrackTableViewCell.swift */ = {isa = PBXFileReference; lastKnownFileType = sourcecode.swift; path = TrackTableViewCell.swift; sourceTree = "<group>"; };
		652DB929217B6F410047A697 /* CreditsViewController.swift */ = {isa = PBXFileReference; lastKnownFileType = sourcecode.swift; path = CreditsViewController.swift; sourceTree = "<group>"; };
		65BC1300214E1D8D00E0B8E3 /* Badge.swift */ = {isa = PBXFileReference; lastKnownFileType = sourcecode.swift; path = Badge.swift; sourceTree = "<group>"; };
		65C1023C21469CCF000EDC56 /* BadgesTableViewController.swift */ = {isa = PBXFileReference; lastKnownFileType = sourcecode.swift; path = BadgesTableViewController.swift; sourceTree = "<group>"; };
		65C1023E21469CE6000EDC56 /* SettingsTableViewController.swift */ = {isa = PBXFileReference; lastKnownFileType = sourcecode.swift; path = SettingsTableViewController.swift; sourceTree = "<group>"; };
		65C1024021469D0B000EDC56 /* TimerViewController.swift */ = {isa = PBXFileReference; lastKnownFileType = sourcecode.swift; path = TimerViewController.swift; sourceTree = "<group>"; };
		65C1024221469D53000EDC56 /* BadgeTableViewCell.swift */ = {isa = PBXFileReference; lastKnownFileType = sourcecode.swift; path = BadgeTableViewCell.swift; sourceTree = "<group>"; };
/* End PBXFileReference section */

/* Begin PBXFrameworksBuildPhase section */
		65039ECF2141713D008D50C3 /* Frameworks */ = {
			isa = PBXFrameworksBuildPhase;
			buildActionMask = 2147483647;
			files = (
			);
			runOnlyForDeploymentPostprocessing = 0;
		};
/* End PBXFrameworksBuildPhase section */

/* Begin PBXGroup section */
		65039EC92141713D008D50C3 = {
			isa = PBXGroup;
			children = (
				65039ED42141713D008D50C3 /* BrushNow - Toothbrush Timer */,
				65039ED32141713D008D50C3 /* Products */,
			);
			sourceTree = "<group>";
		};
		65039ED32141713D008D50C3 /* Products */ = {
			isa = PBXGroup;
			children = (
				65039ED22141713D008D50C3 /* BrushNow - Toothbrush Timer.app */,
			);
			name = Products;
			sourceTree = "<group>";
		};
		65039ED42141713D008D50C3 /* BrushNow - Toothbrush Timer */ = {
			isa = PBXGroup;
			children = (
				65039ED52141713D008D50C3 /* AppDelegate.swift */,
				65039ED72141713D008D50C3 /* ViewController.swift */,
				65039ED92141713D008D50C3 /* Main.storyboard */,
				652DB927217B69510047A697 /* TrackTableViewCell.swift */,
				652DB925217B68C10047A697 /* TrackTableViewController.swift */,
				652AAE00216483150037F5C9 /* SetThemeTableViewController.swift */,
				652AAE02216483210037F5C9 /* SetThemeTableViewCell.swift */,
				652AADFE216479D90037F5C9 /* Theme.swift */,
				652DB929217B6F410047A697 /* CreditsViewController.swift */,
				65BC1300214E1D8D00E0B8E3 /* Badge.swift */,
				65C1024221469D53000EDC56 /* BadgeTableViewCell.swift */,
				65C1024021469D0B000EDC56 /* TimerViewController.swift */,
				65C1023E21469CE6000EDC56 /* SettingsTableViewController.swift */,
				65C1023C21469CCF000EDC56 /* BadgesTableViewController.swift */,
				65039EDC2141713F008D50C3 /* Assets.xcassets */,
				652DB914217B556B0047A697 /* Tracks */,
				65039EDE2141713F008D50C3 /* LaunchScreen.storyboard */,
				65039EE12141713F008D50C3 /* Info.plist */,
				650F7F822174618A0055DC1B /* Cabin */,
			);
			path = "BrushNow - Toothbrush Timer";
			sourceTree = "<group>";
		};
		650F7F822174618A0055DC1B /* Cabin */ = {
			isa = PBXGroup;
			children = (
				650F7F86217461AB0055DC1B /* Cabin-Bold.ttf */,
				650F7F89217461AB0055DC1B /* Cabin-BoldItalic.ttf */,
				650F7F83217461AA0055DC1B /* Cabin-Italic.ttf */,
				650F7F8A217461AB0055DC1B /* Cabin-Medium.ttf */,
				650F7F84217461AB0055DC1B /* Cabin-MediumItalic.ttf */,
				650F7F85217461AB0055DC1B /* Cabin-Regular.ttf */,
				650F7F87217461AB0055DC1B /* Cabin-SemiBold.ttf */,
				650F7F88217461AB0055DC1B /* Cabin-SemiBoldItalic.ttf */,
			);
			path = Cabin;
			sourceTree = "<group>";
		};
		652DB914217B556B0047A697 /* Tracks */ = {
			isa = PBXGroup;
			children = (
				652DB923217B61820047A697 /* silence.mp3 */,
				652DB918217B557C0047A697 /* Track 1.mp3 */,
				652DB917217B557C0047A697 /* Track 2.mp3 */,
				652DB915217B557B0047A697 /* Track 3.mp3 */,
				652DB91A217B557D0047A697 /* Track 4.mp3 */,
				652DB916217B557C0047A697 /* Track 5.mp3 */,
				652DB919217B557D0047A697 /* Track 6.mp3 */,
				652DB91B217B557D0047A697 /* Track 7.mp3 */,
			);
			path = Tracks;
			sourceTree = "<group>";
		};
/* End PBXGroup section */

/* Begin PBXNativeTarget section */
		65039ED12141713D008D50C3 /* BrushNow - Toothbrush Timer */ = {
			isa = PBXNativeTarget;
			buildConfigurationList = 65039EE42141713F008D50C3 /* Build configuration list for PBXNativeTarget "BrushNow - Toothbrush Timer" */;
			buildPhases = (
				65039ECE2141713D008D50C3 /* Sources */,
				65039ECF2141713D008D50C3 /* Frameworks */,
				65039ED02141713D008D50C3 /* Resources */,
			);
			buildRules = (
			);
			dependencies = (
			);
			name = "BrushNow - Toothbrush Timer";
			productName = "BrushNow - Toothbrush Timer";
			productReference = 65039ED22141713D008D50C3 /* BrushNow - Toothbrush Timer.app */;
			productType = "com.apple.product-type.application";
		};
/* End PBXNativeTarget section */

/* Begin PBXProject section */
		65039ECA2141713D008D50C3 /* Project object */ = {
			isa = PBXProject;
			attributes = {
				LastSwiftUpdateCheck = 0930;
				LastUpgradeCheck = 0930;
				ORGANIZATIONNAME = "Placeholder Interactive";
				TargetAttributes = {
					65039ED12141713D008D50C3 = {
						CreatedOnToolsVersion = 9.3.1;
						LastSwiftMigration = 1000;
					};
				};
			};
			buildConfigurationList = 65039ECD2141713D008D50C3 /* Build configuration list for PBXProject "BrushNow - Toothbrush Timer" */;
			compatibilityVersion = "Xcode 9.3";
			developmentRegion = en;
			hasScannedForEncodings = 0;
			knownRegions = (
				en,
				Base,
			);
			mainGroup = 65039EC92141713D008D50C3;
			productRefGroup = 65039ED32141713D008D50C3 /* Products */;
			projectDirPath = "";
			projectRoot = "";
			targets = (
				65039ED12141713D008D50C3 /* BrushNow - Toothbrush Timer */,
			);
		};
/* End PBXProject section */

/* Begin PBXResourcesBuildPhase section */
		65039ED02141713D008D50C3 /* Resources */ = {
			isa = PBXResourcesBuildPhase;
			buildActionMask = 2147483647;
			files = (
				650F7F8B217461AB0055DC1B /* Cabin-Italic.ttf in Resources */,
				652DB91D217B557D0047A697 /* Track 5.mp3 in Resources */,
				652DB921217B557D0047A697 /* Track 4.mp3 in Resources */,
				652DB91E217B557D0047A697 /* Track 2.mp3 in Resources */,
				650F7F8C217461AB0055DC1B /* Cabin-MediumItalic.ttf in Resources */,
				650F7F8E217461AB0055DC1B /* Cabin-Bold.ttf in Resources */,
				652DB922217B557D0047A697 /* Track 7.mp3 in Resources */,
				652DB924217B61830047A697 /* silence.mp3 in Resources */,
				652DB920217B557D0047A697 /* Track 6.mp3 in Resources */,
				65039EE02141713F008D50C3 /* LaunchScreen.storyboard in Resources */,
				650F7F90217461AB0055DC1B /* Cabin-SemiBoldItalic.ttf in Resources */,
				650F7F92217461AB0055DC1B /* Cabin-Medium.ttf in Resources */,
				650F7F91217461AB0055DC1B /* Cabin-BoldItalic.ttf in Resources */,
				65039EDD2141713F008D50C3 /* Assets.xcassets in Resources */,
				65039EDB2141713D008D50C3 /* Main.storyboard in Resources */,
				650F7F8D217461AB0055DC1B /* Cabin-Regular.ttf in Resources */,
				652DB91C217B557D0047A697 /* Track 3.mp3 in Resources */,
				650F7F8F217461AB0055DC1B /* Cabin-SemiBold.ttf in Resources */,
				652DB91F217B557D0047A697 /* Track 1.mp3 in Resources */,
			);
			runOnlyForDeploymentPostprocessing = 0;
		};
/* End PBXResourcesBuildPhase section */

/* Begin PBXSourcesBuildPhase section */
		65039ECE2141713D008D50C3 /* Sources */ = {
			isa = PBXSourcesBuildPhase;
			buildActionMask = 2147483647;
			files = (
				652DB92A217B6F410047A697 /* CreditsViewController.swift in Sources */,
				652AAE01216483150037F5C9 /* SetThemeTableViewController.swift in Sources */,
				652AADFF216479D90037F5C9 /* Theme.swift in Sources */,
				65BC1301214E1D8D00E0B8E3 /* Badge.swift in Sources */,
				65C1024121469D0B000EDC56 /* TimerViewController.swift in Sources */,
				65C1024321469D53000EDC56 /* BadgeTableViewCell.swift in Sources */,
				65C1023F21469CE7000EDC56 /* SettingsTableViewController.swift in Sources */,
				652AAE03216483210037F5C9 /* SetThemeTableViewCell.swift in Sources */,
				652DB928217B69510047A697 /* TrackTableViewCell.swift in Sources */,
				65C1023D21469CCF000EDC56 /* BadgesTableViewController.swift in Sources */,
				65039ED82141713D008D50C3 /* ViewController.swift in Sources */,
				652DB926217B68C10047A697 /* TrackTableViewController.swift in Sources */,
				65039ED62141713D008D50C3 /* AppDelegate.swift in Sources */,
			);
			runOnlyForDeploymentPostprocessing = 0;
		};
/* End PBXSourcesBuildPhase section */

/* Begin PBXVariantGroup section */
		65039ED92141713D008D50C3 /* Main.storyboard */ = {
			isa = PBXVariantGroup;
			children = (
				65039EDA2141713D008D50C3 /* Base */,
			);
			name = Main.storyboard;
			sourceTree = "<group>";
		};
		65039EDE2141713F008D50C3 /* LaunchScreen.storyboard */ = {
			isa = PBXVariantGroup;
			children = (
				65039EDF2141713F008D50C3 /* Base */,
			);
			name = LaunchScreen.storyboard;
			sourceTree = "<group>";
		};
/* End PBXVariantGroup section */

/* Begin XCBuildConfiguration section */
		65039EE22141713F008D50C3 /* Debug */ = {
			isa = XCBuildConfiguration;
			buildSettings = {
				ALWAYS_SEARCH_USER_PATHS = NO;
				CLANG_ANALYZER_NONNULL = YES;
				CLANG_ANALYZER_NUMBER_OBJECT_CONVERSION = YES_AGGRESSIVE;
				CLANG_CXX_LANGUAGE_STANDARD = "gnu++14";
				CLANG_CXX_LIBRARY = "libc++";
				CLANG_ENABLE_MODULES = YES;
				CLANG_ENABLE_OBJC_ARC = YES;
				CLANG_ENABLE_OBJC_WEAK = YES;
				CLANG_WARN_BLOCK_CAPTURE_AUTORELEASING = YES;
				CLANG_WARN_BOOL_CONVERSION = YES;
				CLANG_WARN_COMMA = YES;
				CLANG_WARN_CONSTANT_CONVERSION = YES;
				CLANG_WARN_DEPRECATED_OBJC_IMPLEMENTATIONS = YES;
				CLANG_WARN_DIRECT_OBJC_ISA_USAGE = YES_ERROR;
				CLANG_WARN_DOCUMENTATION_COMMENTS = YES;
				CLANG_WARN_EMPTY_BODY = YES;
				CLANG_WARN_ENUM_CONVERSION = YES;
				CLANG_WARN_INFINITE_RECURSION = YES;
				CLANG_WARN_INT_CONVERSION = YES;
				CLANG_WARN_NON_LITERAL_NULL_CONVERSION = YES;
				CLANG_WARN_OBJC_IMPLICIT_RETAIN_SELF = YES;
				CLANG_WARN_OBJC_LITERAL_CONVERSION = YES;
				CLANG_WARN_OBJC_ROOT_CLASS = YES_ERROR;
				CLANG_WARN_RANGE_LOOP_ANALYSIS = YES;
				CLANG_WARN_STRICT_PROTOTYPES = YES;
				CLANG_WARN_SUSPICIOUS_MOVE = YES;
				CLANG_WARN_UNGUARDED_AVAILABILITY = YES_AGGRESSIVE;
				CLANG_WARN_UNREACHABLE_CODE = YES;
				CLANG_WARN__DUPLICATE_METHOD_MATCH = YES;
				CODE_SIGN_IDENTITY = "iPhone Developer";
				COPY_PHASE_STRIP = NO;
				DEBUG_INFORMATION_FORMAT = dwarf;
				ENABLE_STRICT_OBJC_MSGSEND = YES;
				ENABLE_TESTABILITY = YES;
				GCC_C_LANGUAGE_STANDARD = gnu11;
				GCC_DYNAMIC_NO_PIC = NO;
				GCC_NO_COMMON_BLOCKS = YES;
				GCC_OPTIMIZATION_LEVEL = 0;
				GCC_PREPROCESSOR_DEFINITIONS = (
					"DEBUG=1",
					"$(inherited)",
				);
				GCC_WARN_64_TO_32_BIT_CONVERSION = YES;
				GCC_WARN_ABOUT_RETURN_TYPE = YES_ERROR;
				GCC_WARN_UNDECLARED_SELECTOR = YES;
				GCC_WARN_UNINITIALIZED_AUTOS = YES_AGGRESSIVE;
				GCC_WARN_UNUSED_FUNCTION = YES;
				GCC_WARN_UNUSED_VARIABLE = YES;
				IPHONEOS_DEPLOYMENT_TARGET = 11.3;
				MTL_ENABLE_DEBUG_INFO = YES;
				ONLY_ACTIVE_ARCH = YES;
				SDKROOT = iphoneos;
				SWIFT_ACTIVE_COMPILATION_CONDITIONS = DEBUG;
				SWIFT_OPTIMIZATION_LEVEL = "-Onone";
			};
			name = Debug;
		};
		65039EE32141713F008D50C3 /* Release */ = {
			isa = XCBuildConfiguration;
			buildSettings = {
				ALWAYS_SEARCH_USER_PATHS = NO;
				CLANG_ANALYZER_NONNULL = YES;
				CLANG_ANALYZER_NUMBER_OBJECT_CONVERSION = YES_AGGRESSIVE;
				CLANG_CXX_LANGUAGE_STANDARD = "gnu++14";
				CLANG_CXX_LIBRARY = "libc++";
				CLANG_ENABLE_MODULES = YES;
				CLANG_ENABLE_OBJC_ARC = YES;
				CLANG_ENABLE_OBJC_WEAK = YES;
				CLANG_WARN_BLOCK_CAPTURE_AUTORELEASING = YES;
				CLANG_WARN_BOOL_CONVERSION = YES;
				CLANG_WARN_COMMA = YES;
				CLANG_WARN_CONSTANT_CONVERSION = YES;
				CLANG_WARN_DEPRECATED_OBJC_IMPLEMENTATIONS = YES;
				CLANG_WARN_DIRECT_OBJC_ISA_USAGE = YES_ERROR;
				CLANG_WARN_DOCUMENTATION_COMMENTS = YES;
				CLANG_WARN_EMPTY_BODY = YES;
				CLANG_WARN_ENUM_CONVERSION = YES;
				CLANG_WARN_INFINITE_RECURSION = YES;
				CLANG_WARN_INT_CONVERSION = YES;
				CLANG_WARN_NON_LITERAL_NULL_CONVERSION = YES;
				CLANG_WARN_OBJC_IMPLICIT_RETAIN_SELF = YES;
				CLANG_WARN_OBJC_LITERAL_CONVERSION = YES;
				CLANG_WARN_OBJC_ROOT_CLASS = YES_ERROR;
				CLANG_WARN_RANGE_LOOP_ANALYSIS = YES;
				CLANG_WARN_STRICT_PROTOTYPES = YES;
				CLANG_WARN_SUSPICIOUS_MOVE = YES;
				CLANG_WARN_UNGUARDED_AVAILABILITY = YES_AGGRESSIVE;
				CLANG_WARN_UNREACHABLE_CODE = YES;
				CLANG_WARN__DUPLICATE_METHOD_MATCH = YES;
				CODE_SIGN_IDENTITY = "iPhone Developer";
				COPY_PHASE_STRIP = NO;
				DEBUG_INFORMATION_FORMAT = "dwarf-with-dsym";
				ENABLE_NS_ASSERTIONS = NO;
				ENABLE_STRICT_OBJC_MSGSEND = YES;
				GCC_C_LANGUAGE_STANDARD = gnu11;
				GCC_NO_COMMON_BLOCKS = YES;
				GCC_WARN_64_TO_32_BIT_CONVERSION = YES;
				GCC_WARN_ABOUT_RETURN_TYPE = YES_ERROR;
				GCC_WARN_UNDECLARED_SELECTOR = YES;
				GCC_WARN_UNINITIALIZED_AUTOS = YES_AGGRESSIVE;
				GCC_WARN_UNUSED_FUNCTION = YES;
				GCC_WARN_UNUSED_VARIABLE = YES;
				IPHONEOS_DEPLOYMENT_TARGET = 11.3;
				MTL_ENABLE_DEBUG_INFO = NO;
				SDKROOT = iphoneos;
				SWIFT_COMPILATION_MODE = wholemodule;
				SWIFT_OPTIMIZATION_LEVEL = "-O";
				VALIDATE_PRODUCT = YES;
			};
			name = Release;
		};
		65039EE52141713F008D50C3 /* Debug */ = {
			isa = XCBuildConfiguration;
			buildSettings = {
				ASSETCATALOG_COMPILER_APPICON_NAME = AppIcon;
				CODE_SIGN_STYLE = Automatic;
				DEVELOPMENT_TEAM = 2XU3BMKNS4;
				INFOPLIST_FILE = "BrushNow - Toothbrush Timer/Info.plist";
				IPHONEOS_DEPLOYMENT_TARGET = 12.0;
				LD_RUNPATH_SEARCH_PATHS = (
					"$(inherited)",
					"@executable_path/Frameworks",
				);
				PRODUCT_BUNDLE_IDENTIFIER = com.sampletext.brushnow;
				PRODUCT_NAME = "$(TARGET_NAME)";
				SWIFT_VERSION = 4.2;
				TARGETED_DEVICE_FAMILY = "1,2";
			};
			name = Debug;
		};
		65039EE62141713F008D50C3 /* Release */ = {
			isa = XCBuildConfiguration;
			buildSettings = {
				ASSETCATALOG_COMPILER_APPICON_NAME = AppIcon;
				CODE_SIGN_STYLE = Automatic;
				DEVELOPMENT_TEAM = 2XU3BMKNS4;
				INFOPLIST_FILE = "BrushNow - Toothbrush Timer/Info.plist";
				IPHONEOS_DEPLOYMENT_TARGET = 12.0;
				LD_RUNPATH_SEARCH_PATHS = (
					"$(inherited)",
					"@executable_path/Frameworks",
				);
				PRODUCT_BUNDLE_IDENTIFIER = com.sampletext.brushnow;
				PRODUCT_NAME = "$(TARGET_NAME)";
				SWIFT_VERSION = 4.2;
				TARGETED_DEVICE_FAMILY = "1,2";
			};
			name = Release;
		};
/* End XCBuildConfiguration section */

/* Begin XCConfigurationList section */
		65039ECD2141713D008D50C3 /* Build configuration list for PBXProject "BrushNow - Toothbrush Timer" */ = {
			isa = XCConfigurationList;
			buildConfigurations = (
				65039EE22141713F008D50C3 /* Debug */,
				65039EE32141713F008D50C3 /* Release */,
			);
			defaultConfigurationIsVisible = 0;
			defaultConfigurationName = Release;
		};
		65039EE42141713F008D50C3 /* Build configuration list for PBXNativeTarget "BrushNow - Toothbrush Timer" */ = {
			isa = XCConfigurationList;
			buildConfigurations = (
				65039EE52141713F008D50C3 /* Debug */,
				65039EE62141713F008D50C3 /* Release */,
			);
			defaultConfigurationIsVisible = 0;
			defaultConfigurationName = Release;
		};
/* End XCConfigurationList section */
	};
	rootObject = 65039ECA2141713D008D50C3 /* Project object */;
}
